
Microsoft Visual Studio Solution File, Format Version 12.00
# Visual Studio Version 16
VisualStudioVersion = 16.0.30611.23
MinimumVisualStudioVersion = 10.0.40219.1
Project("{FAE04EC0-301F-11D3-BF4B-00C04F79EFBC}") = "BenhurstV3", "BenhurstV3.csproj", "{2920D4B6-E415-4915-B9C3-7530566359DE}"
EndProject
Global
	GlobalSection(SolutionConfigurationPlatforms) = preSolution
		Debug|Any CPU = Debug|Any CPU
		Release|Any CPU = Release|Any CPU
	EndGlobalSection
	GlobalSection(ProjectConfigurationPlatforms) = postSolution
		{2920D4B6-E415-4915-B9C3-7530566359DE}.Debug|Any CPU.ActiveCfg = Debug|Any CPU
		{2920D4B6-E415-4915-B9C3-7530566359DE}.Debug|Any CPU.Build.0 = Debug|Any CPU
		{2920D4B6-E415-4915-B9C3-7530566359DE}.Release|Any CPU.ActiveCfg = Release|Any CPU
		{2920D4B6-E415-4915-B9C3-7530566359DE}.Release|Any CPU.Build.0 = Release|Any CPU
	EndGlobalSection
	GlobalSection(SolutionProperties) = preSolution
		HideSolutionNode = FALSE
	EndGlobalSection
	GlobalSection(ExtensibilityGlobals) = postSolution
		SolutionGuid = {D4AB013D-F130-4CDD-B34A-1047D1E74B32}
	EndGlobalSection
EndGlobal
